{
  "requires": true,
  "lockfileVersion": 1,
  "dependencies": {
    "@react-leaflet/core": {
      "version": "1.0.2",
      "resolved": "https://registry.npmjs.org/@react-leaflet/core/-/core-1.0.2.tgz",
      "integrity": "sha512-QbleYZTMcgujAEyWGki8Lx6cXQqWkNtQlqf5c7NImlIp8bKW66bFpez/6EVatW7+p9WKBOEOVci/9W7WW70EZg=="
    },
    "leaflet": {
      "version": "1.7.1",
      "resolved": "https://registry.npmjs.org/leaflet/-/leaflet-1.7.1.tgz",
      "integrity": "sha512-/xwPEBidtg69Q3HlqPdU3DnrXQOvQU/CCHA1tcDQVzOwm91YMYaILjNp7L4Eaw5Z4sOYdbBz6koWyibppd8Zqw=="
    },
    "leaflet.markercluster": {
      "version": "1.5.0",
      "resolved": "https://registry.npmjs.org/leaflet.markercluster/-/leaflet.markercluster-1.5.0.tgz",
      "integrity": "sha512-Fvf/cq4o806mJL50n+fZW9+QALDDLPvt7vuAjlD2vfnxx3srMDs2vWINJze4nKYJYRY45OC6tM/669C3pLwMCA=="
    },
    "react-leaflet": {
      "version": "3.1.0",
      "resolved": "https://registry.npmjs.org/react-leaflet/-/react-leaflet-3.1.0.tgz",
      "integrity": "sha512-kdZS8NYbYFPmkQr7zSDR2gkKGFeWvkxqoqcmZEckzHL4d5c85dJ2gbbqhaPDpmWWgaRw9O29uA/77qpKmK4mTQ==",
      "requires": {
        "@react-leaflet/core": "^1.0.2"
      }
    },
    "react-leaflet-markercluster": {
      "version": "3.0.0-rc1",
      "resolved": "https://registry.npmjs.org/react-leaflet-markercluster/-/react-leaflet-markercluster-3.0.0-rc1.tgz",
      "integrity": "sha512-wr8ERtx73sY0uVoQAM1v1vsA5Vsbdgyqc88h+Eo2kYRwNdkVTEOoUTnAh3CgGuOyP0Y9QLd2dKGupGkufpwryQ==",
      "requires": {
        "@react-leaflet/core": "^1.0.2",
        "leaflet": "^1.6.0",
        "leaflet.markercluster": "^1.4.1",
        "react-leaflet": "^3.0.0"
      }
    }
  }
}
